
Microsoft Visual Studio Solution File, Format Version 12.00
# Visual Studio Version 17
VisualStudioVersion = 17.11.35312.102
MinimumVisualStudioVersion = 10.0.40219.1
Project("{FAE04EC0-301F-11D3-BF4B-00C04F79EFBC}") = "KoiCareSystem", "KoiCareSystem\KoiCareSystem.csproj", "{ACD610BF-4FC6-4C59-A6EA-C27DD19ADB09}"
EndProject
Project("{FAE04EC0-301F-11D3-BF4B-00C04F79EFBC}") = "Repositories", "Repositories\Repositories.csproj", "{9383FF32-D03A-4D13-A739-CA2800DAFD09}"
EndProject
Project("{FAE04EC0-301F-11D3-BF4B-00C04F79EFBC}") = "Services", "Services\Services.csproj", "{5E2E24F5-90AE-4574-A968-D0817D290C25}"
EndProject
Global
	GlobalSection(SolutionConfigurationPlatforms) = preSolution
		Debug|Any CPU = Debug|Any CPU
		Release|Any CPU = Release|Any CPU
	EndGlobalSection
	GlobalSection(ProjectConfigurationPlatforms) = postSolution
		{ACD610BF-4FC6-4C59-A6EA-C27DD19ADB09}.Debug|Any CPU.ActiveCfg = Debug|Any CPU
		{ACD610BF-4FC6-4C59-A6EA-C27DD19ADB09}.Debug|Any CPU.Build.0 = Debug|Any CPU
		{ACD610BF-4FC6-4C59-A6EA-C27DD19ADB09}.Release|Any CPU.ActiveCfg = Release|Any CPU
		{ACD610BF-4FC6-4C59-A6EA-C27DD19ADB09}.Release|Any CPU.Build.0 = Release|Any CPU
		{9383FF32-D03A-4D13-A739-CA2800DAFD09}.Debug|Any CPU.ActiveCfg = Debug|Any CPU
		{9383FF32-D03A-4D13-A739-CA2800DAFD09}.Debug|Any CPU.Build.0 = Debug|Any CPU
		{9383FF32-D03A-4D13-A739-CA2800DAFD09}.Release|Any CPU.ActiveCfg = Release|Any CPU
		{9383FF32-D03A-4D13-A739-CA2800DAFD09}.Release|Any CPU.Build.0 = Release|Any CPU
		{5E2E24F5-90AE-4574-A968-D0817D290C25}.Debug|Any CPU.ActiveCfg = Debug|Any CPU
		{5E2E24F5-90AE-4574-A968-D0817D290C25}.Debug|Any CPU.Build.0 = Debug|Any CPU
		{5E2E24F5-90AE-4574-A968-D0817D290C25}.Release|Any CPU.ActiveCfg = Release|Any CPU
		{5E2E24F5-90AE-4574-A968-D0817D290C25}.Release|Any CPU.Build.0 = Release|Any CPU
	EndGlobalSection
	GlobalSection(SolutionProperties) = preSolution
		HideSolutionNode = FALSE
	EndGlobalSection
	GlobalSection(ExtensibilityGlobals) = postSolution
		SolutionGuid = {BEE7A27B-D8C9-450C-A60A-9A01C4DF2A97}
	EndGlobalSection
EndGlobal
